
Microsoft Visual Studio Solution File, Format Version 12.00
# Visual Studio Version 16
VisualStudioVersion = 16.0.31005.135
MinimumVisualStudioVersion = 10.0.40219.1
Project("{FAE04EC0-301F-11D3-BF4B-00C04F79EFBC}") = "AcademicInformationSystem", "AcademicInformationSystem\AcademicInformationSystem.csproj", "{808076F5-DDE1-4808-8FB0-0F2BEFCC56B6}"
EndProject
Global
	GlobalSection(SolutionConfigurationPlatforms) = preSolution
		Debug|Any CPU = Debug|Any CPU
		Release|Any CPU = Release|Any CPU
	EndGlobalSection
	GlobalSection(ProjectConfigurationPlatforms) = postSolution
		{808076F5-DDE1-4808-8FB0-0F2BEFCC56B6}.Debug|Any CPU.ActiveCfg = Debug|Any CPU
		{808076F5-DDE1-4808-8FB0-0F2BEFCC56B6}.Debug|Any CPU.Build.0 = Debug|Any CPU
		{808076F5-DDE1-4808-8FB0-0F2BEFCC56B6}.Release|Any CPU.ActiveCfg = Release|Any CPU
		{808076F5-DDE1-4808-8FB0-0F2BEFCC56B6}.Release|Any CPU.Build.0 = Release|Any CPU
	EndGlobalSection
	GlobalSection(SolutionProperties) = preSolution
		HideSolutionNode = FALSE
	EndGlobalSection
	GlobalSection(ExtensibilityGlobals) = postSolution
		SolutionGuid = {5E44F209-1AAE-482B-851C-CD85B02C24BF}
	EndGlobalSection
EndGlobal
